
Microsoft Visual Studio Solution File, Format Version 12.00
# Visual Studio Version 17
VisualStudioVersion = 17.13.35818.85
MinimumVisualStudioVersion = 10.0.40219.1
Project("{FAE04EC0-301F-11D3-BF4B-00C04F79EFBC}") = "LoanService.Application", "LoanGateway.Application\LoanService.Application.csproj", "{7E02E0E2-F2FE-40DC-B1A8-5C257CFEE517}"
EndProject
Project("{FAE04EC0-301F-11D3-BF4B-00C04F79EFBC}") = "LoanService.Domain", "LoanGateway.Domain\LoanService.Domain.csproj", "{DF6D056A-692A-4303-BE63-E5C8E5C4608F}"
EndProject
Project("{FAE04EC0-301F-11D3-BF4B-00C04F79EFBC}") = "LoanService.Infrastructure", "LoanGateway.Infrastructure\LoanService.Infrastructure.csproj", "{71346BA2-265F-47FF-840D-AE3FCCE9A97B}"
EndProject
Project("{FAE04EC0-301F-11D3-BF4B-00C04F79EFBC}") = "LoanService.Api", "LoanGateway.Api\LoanService.Api.csproj", "{6639FDEF-DDBB-4A48-A2CE-60676486B664}"
EndProject
Project("{2150E333-8FDC-42A3-9474-1A3956D46DE8}") = "src", "src", "{02EA681E-C7D8-13C7-8484-4AC65E1B71E8}"
EndProject
Project("{2150E333-8FDC-42A3-9474-1A3956D46DE8}") = "shared", "shared", "{8AA19BDD-1A12-41AB-ABED-C7829C6A41A1}"
EndProject
Project("{FAE04EC0-301F-11D3-BF4B-00C04F79EFBC}") = "Common", "Common\Common.csproj", "{943DF057-7E15-4E70-A2E8-EA57596BB822}"
EndProject
Project("{2150E333-8FDC-42A3-9474-1A3956D46DE8}") = "providers", "providers", "{18060485-BF61-48C7-9C23-477EB8B71118}"
EndProject
Project("{FAE04EC0-301F-11D3-BF4B-00C04F79EFBC}") = "Bank.Mellat.Provider", "providers\Bank.Mellat.Provider\Bank.Mellat.Provider.csproj", "{5F3ED8EF-4A67-2AD9-5FE7-5BFFB8DBCB25}"
EndProject
Project("{FAE04EC0-301F-11D3-BF4B-00C04F79EFBC}") = "Bank.Saman.Provider", "providers\Bank.Saman.Provider\Bank.Saman.Provider.csproj", "{2F8A323A-57A4-5AF3-F37E-298E3D7ABBEC}"
EndProject
Project("{FAE04EC0-301F-11D3-BF4B-00C04F79EFBC}") = "Karizmah.Provider", "Karizmah.Provider\Karizmah.Provider.csproj", "{C24FC614-178D-449C-9A8E-7AF9694510C7}"
EndProject
Global
	GlobalSection(SolutionConfigurationPlatforms) = preSolution
		Debug|Any CPU = Debug|Any CPU
		Release|Any CPU = Release|Any CPU
	EndGlobalSection
	GlobalSection(ProjectConfigurationPlatforms) = postSolution
		{7E02E0E2-F2FE-40DC-B1A8-5C257CFEE517}.Debug|Any CPU.ActiveCfg = Debug|Any CPU
		{7E02E0E2-F2FE-40DC-B1A8-5C257CFEE517}.Debug|Any CPU.Build.0 = Debug|Any CPU
		{7E02E0E2-F2FE-40DC-B1A8-5C257CFEE517}.Release|Any CPU.ActiveCfg = Release|Any CPU
		{7E02E0E2-F2FE-40DC-B1A8-5C257CFEE517}.Release|Any CPU.Build.0 = Release|Any CPU
		{DF6D056A-692A-4303-BE63-E5C8E5C4608F}.Debug|Any CPU.ActiveCfg = Debug|Any CPU
		{DF6D056A-692A-4303-BE63-E5C8E5C4608F}.Debug|Any CPU.Build.0 = Debug|Any CPU
		{DF6D056A-692A-4303-BE63-E5C8E5C4608F}.Release|Any CPU.ActiveCfg = Release|Any CPU
		{DF6D056A-692A-4303-BE63-E5C8E5C4608F}.Release|Any CPU.Build.0 = Release|Any CPU
		{71346BA2-265F-47FF-840D-AE3FCCE9A97B}.Debug|Any CPU.ActiveCfg = Debug|Any CPU
		{71346BA2-265F-47FF-840D-AE3FCCE9A97B}.Debug|Any CPU.Build.0 = Debug|Any CPU
		{71346BA2-265F-47FF-840D-AE3FCCE9A97B}.Release|Any CPU.ActiveCfg = Release|Any CPU
		{71346BA2-265F-47FF-840D-AE3FCCE9A97B}.Release|Any CPU.Build.0 = Release|Any CPU
		{6639FDEF-DDBB-4A48-A2CE-60676486B664}.Debug|Any CPU.ActiveCfg = Debug|Any CPU
		{6639FDEF-DDBB-4A48-A2CE-60676486B664}.Debug|Any CPU.Build.0 = Debug|Any CPU
		{6639FDEF-DDBB-4A48-A2CE-60676486B664}.Release|Any CPU.ActiveCfg = Release|Any CPU
		{6639FDEF-DDBB-4A48-A2CE-60676486B664}.Release|Any CPU.Build.0 = Release|Any CPU
		{943DF057-7E15-4E70-A2E8-EA57596BB822}.Debug|Any CPU.ActiveCfg = Debug|Any CPU
		{943DF057-7E15-4E70-A2E8-EA57596BB822}.Debug|Any CPU.Build.0 = Debug|Any CPU
		{943DF057-7E15-4E70-A2E8-EA57596BB822}.Release|Any CPU.ActiveCfg = Release|Any CPU
		{943DF057-7E15-4E70-A2E8-EA57596BB822}.Release|Any CPU.Build.0 = Release|Any CPU
		{5F3ED8EF-4A67-2AD9-5FE7-5BFFB8DBCB25}.Debug|Any CPU.ActiveCfg = Debug|Any CPU
		{5F3ED8EF-4A67-2AD9-5FE7-5BFFB8DBCB25}.Debug|Any CPU.Build.0 = Debug|Any CPU
		{5F3ED8EF-4A67-2AD9-5FE7-5BFFB8DBCB25}.Release|Any CPU.ActiveCfg = Release|Any CPU
		{5F3ED8EF-4A67-2AD9-5FE7-5BFFB8DBCB25}.Release|Any CPU.Build.0 = Release|Any CPU
		{2F8A323A-57A4-5AF3-F37E-298E3D7ABBEC}.Debug|Any CPU.ActiveCfg = Debug|Any CPU
		{2F8A323A-57A4-5AF3-F37E-298E3D7ABBEC}.Debug|Any CPU.Build.0 = Debug|Any CPU
		{2F8A323A-57A4-5AF3-F37E-298E3D7ABBEC}.Release|Any CPU.ActiveCfg = Release|Any CPU
		{2F8A323A-57A4-5AF3-F37E-298E3D7ABBEC}.Release|Any CPU.Build.0 = Release|Any CPU
		{C24FC614-178D-449C-9A8E-7AF9694510C7}.Debug|Any CPU.ActiveCfg = Debug|Any CPU
		{C24FC614-178D-449C-9A8E-7AF9694510C7}.Debug|Any CPU.Build.0 = Debug|Any CPU
		{C24FC614-178D-449C-9A8E-7AF9694510C7}.Release|Any CPU.ActiveCfg = Release|Any CPU
		{C24FC614-178D-449C-9A8E-7AF9694510C7}.Release|Any CPU.Build.0 = Release|Any CPU
	EndGlobalSection
	GlobalSection(SolutionProperties) = preSolution
		HideSolutionNode = FALSE
	EndGlobalSection
	GlobalSection(NestedProjects) = preSolution
		{7E02E0E2-F2FE-40DC-B1A8-5C257CFEE517} = {02EA681E-C7D8-13C7-8484-4AC65E1B71E8}
		{DF6D056A-692A-4303-BE63-E5C8E5C4608F} = {02EA681E-C7D8-13C7-8484-4AC65E1B71E8}
		{71346BA2-265F-47FF-840D-AE3FCCE9A97B} = {02EA681E-C7D8-13C7-8484-4AC65E1B71E8}
		{6639FDEF-DDBB-4A48-A2CE-60676486B664} = {02EA681E-C7D8-13C7-8484-4AC65E1B71E8}
		{943DF057-7E15-4E70-A2E8-EA57596BB822} = {8AA19BDD-1A12-41AB-ABED-C7829C6A41A1}
		{5F3ED8EF-4A67-2AD9-5FE7-5BFFB8DBCB25} = {18060485-BF61-48C7-9C23-477EB8B71118}
		{2F8A323A-57A4-5AF3-F37E-298E3D7ABBEC} = {18060485-BF61-48C7-9C23-477EB8B71118}
		{C24FC614-178D-449C-9A8E-7AF9694510C7} = {18060485-BF61-48C7-9C23-477EB8B71118}
	EndGlobalSection
	GlobalSection(ExtensibilityGlobals) = postSolution
		SolutionGuid = {7C237D96-5429-4C6B-88A9-778AD724856A}
	EndGlobalSection
EndGlobal
