
Microsoft Visual Studio Solution File, Format Version 12.00
# Visual Studio Version 17
VisualStudioVersion = 17.13.35818.85
MinimumVisualStudioVersion = 10.0.40219.1
Project("{FAE04EC0-301F-11D3-BF4B-00C04F79EFBC}") = "LoanService.Application", "LoanGateway.Application\LoanService.Application.csproj", "{7E02E0E2-F2FE-40DC-B1A8-5C257CFEE517}"
EndProject
Project("{FAE04EC0-301F-11D3-BF4B-00C04F79EFBC}") = "LoanService.Domain", "LoanGateway.Domain\LoanService.Domain.csproj", "{DF6D056A-692A-4303-BE63-E5C8E5C4608F}"
EndProject
Project("{FAE04EC0-301F-11D3-BF4B-00C04F79EFBC}") = "LoanService.Infrastructure", "LoanGateway.Infrastructure\LoanService.Infrastructure.csproj", "{71346BA2-265F-47FF-840D-AE3FCCE9A97B}"
EndProject
Project("{FAE04EC0-301F-11D3-BF4B-00C04F79EFBC}") = "LoanService.Api", "LoanGateway.Api\LoanService.Api.csproj", "{6639FDEF-DDBB-4A48-A2CE-60676486B664}"
EndProject
Project("{2150E333-8FDC-42A3-9474-1A3956D46DE8}") = "src", "src", "{02EA681E-C7D8-13C7-8484-4AC65E1B71E8}"
EndProject
Project("{2150E333-8FDC-42A3-9474-1A3956D46DE8}") = "shared", "shared", "{8AA19BDD-1A12-41AB-ABED-C7829C6A41A1}"
EndProject
Project("{2150E333-8FDC-42A3-9474-1A3956D46DE8}") = "providers", "providers", "{18060485-BF61-48C7-9C23-477EB8B71118}"
EndProject
Project("{2150E333-8FDC-42A3-9474-1A3956D46DE8}") = "Auth", "Auth", "{5F22D26C-684F-440E-8657-DB892CEF1DD5}"
	ProjectSection(SolutionItems) = preProject
		..\Auth\README.md.txt = ..\Auth\README.md.txt
	EndProjectSection
EndProject
Project("{FAE04EC0-301F-11D3-BF4B-00C04F79EFBC}") = "LoanGateway.Auth.Api", "..\Auth\LoanGateway.Auth.Api\LoanGateway.Auth.Api.csproj", "{DF6B5A4C-F7BB-82D6-C81B-0C2245B0FB3B}"
EndProject
Project("{FAE04EC0-301F-11D3-BF4B-00C04F79EFBC}") = "LoanGateway.Auth.Application", "..\Auth\LoanGateway.Auth.Application\LoanGateway.Auth.Application.csproj", "{DC605202-A7EF-94F7-2A09-6D22D643A050}"
EndProject
Project("{FAE04EC0-301F-11D3-BF4B-00C04F79EFBC}") = "LoanGateway.Auth.Domain", "..\Auth\LoanGateway.Auth.Domain\LoanGateway.Auth.Domain.csproj", "{888F8F90-D06E-1B14-4DEE-EE5FFAF90683}"
EndProject
Project("{FAE04EC0-301F-11D3-BF4B-00C04F79EFBC}") = "LoanGateway.Auth.Infrastructure", "..\Auth\LoanGateway.Auth.Infrastructure\LoanGateway.Auth.Infrastructure.csproj", "{482433BA-E04A-3A3E-8307-9A3B9775D9DF}"
EndProject
Project("{FAE04EC0-301F-11D3-BF4B-00C04F79EFBC}") = "Bank.Mellat.Provider", "..\providers\Bank.Mellat.Provider\Bank.Mellat.Provider.csproj", "{E950347A-0133-948C-ECAE-C5CABF905266}"
EndProject
Project("{FAE04EC0-301F-11D3-BF4B-00C04F79EFBC}") = "Bank.Saman.Provider", "..\providers\Bank.Saman.Provider\Bank.Saman.Provider.csproj", "{A12387C7-BE10-EEC8-F158-B1C336C37E8C}"
EndProject
Project("{FAE04EC0-301F-11D3-BF4B-00C04F79EFBC}") = "Karizmah.Provider", "..\providers\Karizmah.Provider\Karizmah.Provider.csproj", "{45CE9F8F-F968-5228-7F7C-40D1D36F2B0E}"
EndProject
Project("{FAE04EC0-301F-11D3-BF4B-00C04F79EFBC}") = "Shahkar.Provider", "..\providers\Shahkar.Provider\Shahkar.Provider.csproj", "{425856AF-613C-FB38-2E7E-CAEC3AE9B10A}"
EndProject
Project("{FAE04EC0-301F-11D3-BF4B-00C04F79EFBC}") = "Sms.Provider", "..\providers\Sms.Provider\Sms.Provider.csproj", "{B7B8DC2F-A847-3E89-1805-0CD7064C198A}"
EndProject
Project("{FAE04EC0-301F-11D3-BF4B-00C04F79EFBC}") = "Common", "..\shared\Common\Common.csproj", "{3D215F0E-5700-9FBB-5AA6-05E14D779289}"
EndProject
Project("{FAE04EC0-301F-11D3-BF4B-00C04F79EFBC}") = "SadadProvider", "SadadProvider\SadadProvider.csproj", "{E4A9AFE1-CCA3-42B6-AD8D-68B3E8E0D107}"
EndProject
Project("{2150E333-8FDC-42A3-9474-1A3956D46DE8}") = "ApiGateway", "ApiGateway", "{F2CD504F-FA8D-4947-BD38-ACA6F4D684F3}"
EndProject
Project("{FAE04EC0-301F-11D3-BF4B-00C04F79EFBC}") = "ApiGateway", "..\ApiGateway\ApiGateway.csproj", "{F1BCC64D-F15B-5916-EC53-FB15E7E031C3}"
EndProject
Global
	GlobalSection(SolutionConfigurationPlatforms) = preSolution
		Debug|Any CPU = Debug|Any CPU
		Release|Any CPU = Release|Any CPU
	EndGlobalSection
	GlobalSection(ProjectConfigurationPlatforms) = postSolution
		{7E02E0E2-F2FE-40DC-B1A8-5C257CFEE517}.Debug|Any CPU.ActiveCfg = Debug|Any CPU
		{7E02E0E2-F2FE-40DC-B1A8-5C257CFEE517}.Debug|Any CPU.Build.0 = Debug|Any CPU
		{7E02E0E2-F2FE-40DC-B1A8-5C257CFEE517}.Release|Any CPU.ActiveCfg = Release|Any CPU
		{7E02E0E2-F2FE-40DC-B1A8-5C257CFEE517}.Release|Any CPU.Build.0 = Release|Any CPU
		{DF6D056A-692A-4303-BE63-E5C8E5C4608F}.Debug|Any CPU.ActiveCfg = Debug|Any CPU
		{DF6D056A-692A-4303-BE63-E5C8E5C4608F}.Debug|Any CPU.Build.0 = Debug|Any CPU
		{DF6D056A-692A-4303-BE63-E5C8E5C4608F}.Release|Any CPU.ActiveCfg = Release|Any CPU
		{DF6D056A-692A-4303-BE63-E5C8E5C4608F}.Release|Any CPU.Build.0 = Release|Any CPU
		{71346BA2-265F-47FF-840D-AE3FCCE9A97B}.Debug|Any CPU.ActiveCfg = Debug|Any CPU
		{71346BA2-265F-47FF-840D-AE3FCCE9A97B}.Debug|Any CPU.Build.0 = Debug|Any CPU
		{71346BA2-265F-47FF-840D-AE3FCCE9A97B}.Release|Any CPU.ActiveCfg = Release|Any CPU
		{71346BA2-265F-47FF-840D-AE3FCCE9A97B}.Release|Any CPU.Build.0 = Release|Any CPU
		{6639FDEF-DDBB-4A48-A2CE-60676486B664}.Debug|Any CPU.ActiveCfg = Debug|Any CPU
		{6639FDEF-DDBB-4A48-A2CE-60676486B664}.Debug|Any CPU.Build.0 = Debug|Any CPU
		{6639FDEF-DDBB-4A48-A2CE-60676486B664}.Release|Any CPU.ActiveCfg = Release|Any CPU
		{6639FDEF-DDBB-4A48-A2CE-60676486B664}.Release|Any CPU.Build.0 = Release|Any CPU
		{DF6B5A4C-F7BB-82D6-C81B-0C2245B0FB3B}.Debug|Any CPU.ActiveCfg = Debug|Any CPU
		{DF6B5A4C-F7BB-82D6-C81B-0C2245B0FB3B}.Debug|Any CPU.Build.0 = Debug|Any CPU
		{DF6B5A4C-F7BB-82D6-C81B-0C2245B0FB3B}.Release|Any CPU.ActiveCfg = Release|Any CPU
		{DF6B5A4C-F7BB-82D6-C81B-0C2245B0FB3B}.Release|Any CPU.Build.0 = Release|Any CPU
		{DC605202-A7EF-94F7-2A09-6D22D643A050}.Debug|Any CPU.ActiveCfg = Debug|Any CPU
		{DC605202-A7EF-94F7-2A09-6D22D643A050}.Debug|Any CPU.Build.0 = Debug|Any CPU
		{DC605202-A7EF-94F7-2A09-6D22D643A050}.Release|Any CPU.ActiveCfg = Release|Any CPU
		{DC605202-A7EF-94F7-2A09-6D22D643A050}.Release|Any CPU.Build.0 = Release|Any CPU
		{888F8F90-D06E-1B14-4DEE-EE5FFAF90683}.Debug|Any CPU.ActiveCfg = Debug|Any CPU
		{888F8F90-D06E-1B14-4DEE-EE5FFAF90683}.Debug|Any CPU.Build.0 = Debug|Any CPU
		{888F8F90-D06E-1B14-4DEE-EE5FFAF90683}.Release|Any CPU.ActiveCfg = Release|Any CPU
		{888F8F90-D06E-1B14-4DEE-EE5FFAF90683}.Release|Any CPU.Build.0 = Release|Any CPU
		{482433BA-E04A-3A3E-8307-9A3B9775D9DF}.Debug|Any CPU.ActiveCfg = Debug|Any CPU
		{482433BA-E04A-3A3E-8307-9A3B9775D9DF}.Debug|Any CPU.Build.0 = Debug|Any CPU
		{482433BA-E04A-3A3E-8307-9A3B9775D9DF}.Release|Any CPU.ActiveCfg = Release|Any CPU
		{482433BA-E04A-3A3E-8307-9A3B9775D9DF}.Release|Any CPU.Build.0 = Release|Any CPU
		{E950347A-0133-948C-ECAE-C5CABF905266}.Debug|Any CPU.ActiveCfg = Debug|Any CPU
		{E950347A-0133-948C-ECAE-C5CABF905266}.Debug|Any CPU.Build.0 = Debug|Any CPU
		{E950347A-0133-948C-ECAE-C5CABF905266}.Release|Any CPU.ActiveCfg = Release|Any CPU
		{E950347A-0133-948C-ECAE-C5CABF905266}.Release|Any CPU.Build.0 = Release|Any CPU
		{A12387C7-BE10-EEC8-F158-B1C336C37E8C}.Debug|Any CPU.ActiveCfg = Debug|Any CPU
		{A12387C7-BE10-EEC8-F158-B1C336C37E8C}.Debug|Any CPU.Build.0 = Debug|Any CPU
		{A12387C7-BE10-EEC8-F158-B1C336C37E8C}.Release|Any CPU.ActiveCfg = Release|Any CPU
		{A12387C7-BE10-EEC8-F158-B1C336C37E8C}.Release|Any CPU.Build.0 = Release|Any CPU
		{45CE9F8F-F968-5228-7F7C-40D1D36F2B0E}.Debug|Any CPU.ActiveCfg = Debug|Any CPU
		{45CE9F8F-F968-5228-7F7C-40D1D36F2B0E}.Debug|Any CPU.Build.0 = Debug|Any CPU
		{45CE9F8F-F968-5228-7F7C-40D1D36F2B0E}.Release|Any CPU.ActiveCfg = Release|Any CPU
		{45CE9F8F-F968-5228-7F7C-40D1D36F2B0E}.Release|Any CPU.Build.0 = Release|Any CPU
		{425856AF-613C-FB38-2E7E-CAEC3AE9B10A}.Debug|Any CPU.ActiveCfg = Debug|Any CPU
		{425856AF-613C-FB38-2E7E-CAEC3AE9B10A}.Debug|Any CPU.Build.0 = Debug|Any CPU
		{425856AF-613C-FB38-2E7E-CAEC3AE9B10A}.Release|Any CPU.ActiveCfg = Release|Any CPU
		{425856AF-613C-FB38-2E7E-CAEC3AE9B10A}.Release|Any CPU.Build.0 = Release|Any CPU
		{B7B8DC2F-A847-3E89-1805-0CD7064C198A}.Debug|Any CPU.ActiveCfg = Debug|Any CPU
		{B7B8DC2F-A847-3E89-1805-0CD7064C198A}.Debug|Any CPU.Build.0 = Debug|Any CPU
		{B7B8DC2F-A847-3E89-1805-0CD7064C198A}.Release|Any CPU.ActiveCfg = Release|Any CPU
		{B7B8DC2F-A847-3E89-1805-0CD7064C198A}.Release|Any CPU.Build.0 = Release|Any CPU
		{3D215F0E-5700-9FBB-5AA6-05E14D779289}.Debug|Any CPU.ActiveCfg = Debug|Any CPU
		{3D215F0E-5700-9FBB-5AA6-05E14D779289}.Debug|Any CPU.Build.0 = Debug|Any CPU
		{3D215F0E-5700-9FBB-5AA6-05E14D779289}.Release|Any CPU.ActiveCfg = Release|Any CPU
		{3D215F0E-5700-9FBB-5AA6-05E14D779289}.Release|Any CPU.Build.0 = Release|Any CPU
		{E4A9AFE1-CCA3-42B6-AD8D-68B3E8E0D107}.Debug|Any CPU.ActiveCfg = Debug|Any CPU
		{E4A9AFE1-CCA3-42B6-AD8D-68B3E8E0D107}.Debug|Any CPU.Build.0 = Debug|Any CPU
		{E4A9AFE1-CCA3-42B6-AD8D-68B3E8E0D107}.Release|Any CPU.ActiveCfg = Release|Any CPU
		{E4A9AFE1-CCA3-42B6-AD8D-68B3E8E0D107}.Release|Any CPU.Build.0 = Release|Any CPU
		{F1BCC64D-F15B-5916-EC53-FB15E7E031C3}.Debug|Any CPU.ActiveCfg = Debug|Any CPU
		{F1BCC64D-F15B-5916-EC53-FB15E7E031C3}.Debug|Any CPU.Build.0 = Debug|Any CPU
		{F1BCC64D-F15B-5916-EC53-FB15E7E031C3}.Release|Any CPU.ActiveCfg = Release|Any CPU
		{F1BCC64D-F15B-5916-EC53-FB15E7E031C3}.Release|Any CPU.Build.0 = Release|Any CPU
	EndGlobalSection
	GlobalSection(SolutionProperties) = preSolution
		HideSolutionNode = FALSE
	EndGlobalSection
	GlobalSection(NestedProjects) = preSolution
		{7E02E0E2-F2FE-40DC-B1A8-5C257CFEE517} = {02EA681E-C7D8-13C7-8484-4AC65E1B71E8}
		{DF6D056A-692A-4303-BE63-E5C8E5C4608F} = {02EA681E-C7D8-13C7-8484-4AC65E1B71E8}
		{71346BA2-265F-47FF-840D-AE3FCCE9A97B} = {02EA681E-C7D8-13C7-8484-4AC65E1B71E8}
		{6639FDEF-DDBB-4A48-A2CE-60676486B664} = {02EA681E-C7D8-13C7-8484-4AC65E1B71E8}
		{DF6B5A4C-F7BB-82D6-C81B-0C2245B0FB3B} = {5F22D26C-684F-440E-8657-DB892CEF1DD5}
		{DC605202-A7EF-94F7-2A09-6D22D643A050} = {5F22D26C-684F-440E-8657-DB892CEF1DD5}
		{888F8F90-D06E-1B14-4DEE-EE5FFAF90683} = {5F22D26C-684F-440E-8657-DB892CEF1DD5}
		{482433BA-E04A-3A3E-8307-9A3B9775D9DF} = {5F22D26C-684F-440E-8657-DB892CEF1DD5}
		{E950347A-0133-948C-ECAE-C5CABF905266} = {18060485-BF61-48C7-9C23-477EB8B71118}
		{A12387C7-BE10-EEC8-F158-B1C336C37E8C} = {18060485-BF61-48C7-9C23-477EB8B71118}
		{45CE9F8F-F968-5228-7F7C-40D1D36F2B0E} = {18060485-BF61-48C7-9C23-477EB8B71118}
		{425856AF-613C-FB38-2E7E-CAEC3AE9B10A} = {18060485-BF61-48C7-9C23-477EB8B71118}
		{B7B8DC2F-A847-3E89-1805-0CD7064C198A} = {18060485-BF61-48C7-9C23-477EB8B71118}
		{3D215F0E-5700-9FBB-5AA6-05E14D779289} = {8AA19BDD-1A12-41AB-ABED-C7829C6A41A1}
		{E4A9AFE1-CCA3-42B6-AD8D-68B3E8E0D107} = {18060485-BF61-48C7-9C23-477EB8B71118}
		{F1BCC64D-F15B-5916-EC53-FB15E7E031C3} = {F2CD504F-FA8D-4947-BD38-ACA6F4D684F3}
	EndGlobalSection
	GlobalSection(ExtensibilityGlobals) = postSolution
		SolutionGuid = {7C237D96-5429-4C6B-88A9-778AD724856A}
	EndGlobalSection
EndGlobal
